
Microsoft Visual Studio Solution File, Format Version 12.00
# Visual Studio 2013
VisualStudioVersion = 12.0.31101.0
MinimumVisualStudioVersion = 10.0.40219.1
Project("{FAE04EC0-301F-11D3-BF4B-00C04F79EFBC}") = "EME.Models", "EME.Models\EME.Models.csproj", "{B5B29705-6F1C-4114-9FE1-2C1DD63572DE}"
EndProject
Project("{FAE04EC0-301F-11D3-BF4B-00C04F79EFBC}") = "EME.Infrastructure", "EME.Infrastructure\EME.Infrastructure.csproj", "{6210DBD8-F4A9-4281-A1F6-69BC34948F27}"
EndProject
Project("{FAE04EC0-301F-11D3-BF4B-00C04F79EFBC}") = "EME.Services", "EME.Services\EME.Services.csproj", "{21D9D17E-D9C6-4C12-9C9E-F08BD06148C8}"
EndProject
Project("{FAE04EC0-301F-11D3-BF4B-00C04F79EFBC}") = "EME.Tests", "EME.Tests\EME.Tests.csproj", "{D8F3059D-FA49-453D-9AA8-8CFF841E205E}"
EndProject
Project("{FAE04EC0-301F-11D3-BF4B-00C04F79EFBC}") = "EME.Application", "EME.Application\EME.Application.csproj", "{CEDCD848-C7DD-44B3-BE89-81DDDCD7661C}"
EndProject
Project("{2150E333-8FDC-42A3-9474-1A3956D46DE8}") = ".nuget", ".nuget", "{C4B3341A-2B63-4EA6-921D-9F28F0D22E83}"
	ProjectSection(SolutionItems) = preProject
		.nuget\packages.config = .nuget\packages.config
	EndProjectSection
EndProject
Global
	GlobalSection(SolutionConfigurationPlatforms) = preSolution
		Debug|Any CPU = Debug|Any CPU
		Release|Any CPU = Release|Any CPU
	EndGlobalSection
	GlobalSection(ProjectConfigurationPlatforms) = postSolution
		{B5B29705-6F1C-4114-9FE1-2C1DD63572DE}.Debug|Any CPU.ActiveCfg = Debug|Any CPU
		{B5B29705-6F1C-4114-9FE1-2C1DD63572DE}.Debug|Any CPU.Build.0 = Debug|Any CPU
		{B5B29705-6F1C-4114-9FE1-2C1DD63572DE}.Release|Any CPU.ActiveCfg = Release|Any CPU
		{B5B29705-6F1C-4114-9FE1-2C1DD63572DE}.Release|Any CPU.Build.0 = Release|Any CPU
		{6210DBD8-F4A9-4281-A1F6-69BC34948F27}.Debug|Any CPU.ActiveCfg = Debug|Any CPU
		{6210DBD8-F4A9-4281-A1F6-69BC34948F27}.Debug|Any CPU.Build.0 = Debug|Any CPU
		{6210DBD8-F4A9-4281-A1F6-69BC34948F27}.Release|Any CPU.ActiveCfg = Release|Any CPU
		{6210DBD8-F4A9-4281-A1F6-69BC34948F27}.Release|Any CPU.Build.0 = Release|Any CPU
		{21D9D17E-D9C6-4C12-9C9E-F08BD06148C8}.Debug|Any CPU.ActiveCfg = Debug|Any CPU
		{21D9D17E-D9C6-4C12-9C9E-F08BD06148C8}.Debug|Any CPU.Build.0 = Debug|Any CPU
		{21D9D17E-D9C6-4C12-9C9E-F08BD06148C8}.Release|Any CPU.ActiveCfg = Release|Any CPU
		{21D9D17E-D9C6-4C12-9C9E-F08BD06148C8}.Release|Any CPU.Build.0 = Release|Any CPU
		{D8F3059D-FA49-453D-9AA8-8CFF841E205E}.Debug|Any CPU.ActiveCfg = Debug|Any CPU
		{D8F3059D-FA49-453D-9AA8-8CFF841E205E}.Debug|Any CPU.Build.0 = Debug|Any CPU
		{D8F3059D-FA49-453D-9AA8-8CFF841E205E}.Release|Any CPU.ActiveCfg = Release|Any CPU
		{D8F3059D-FA49-453D-9AA8-8CFF841E205E}.Release|Any CPU.Build.0 = Release|Any CPU
		{CEDCD848-C7DD-44B3-BE89-81DDDCD7661C}.Debug|Any CPU.ActiveCfg = Debug|Any CPU
		{CEDCD848-C7DD-44B3-BE89-81DDDCD7661C}.Debug|Any CPU.Build.0 = Debug|Any CPU
		{CEDCD848-C7DD-44B3-BE89-81DDDCD7661C}.Release|Any CPU.ActiveCfg = Release|Any CPU
		{CEDCD848-C7DD-44B3-BE89-81DDDCD7661C}.Release|Any CPU.Build.0 = Release|Any CPU
	EndGlobalSection
	GlobalSection(SolutionProperties) = preSolution
		HideSolutionNode = FALSE
	EndGlobalSection
EndGlobal
